
Microsoft Visual Studio Solution File, Format Version 12.00
# Visual Studio Version 17
VisualStudioVersion = 17.1.32328.378
MinimumVisualStudioVersion = 10.0.40219.1
Project("{FAE04EC0-301F-11D3-BF4B-00C04F79EFBC}") = "System-Biblioteca", "System-Biblioteca.csproj", "{FA7C3569-F18D-43C7-8CB6-9C07F06DFAA9}"
EndProject
Global
	GlobalSection(SolutionConfigurationPlatforms) = preSolution
		Debug|Any CPU = Debug|Any CPU
		Release|Any CPU = Release|Any CPU
	EndGlobalSection
	GlobalSection(ProjectConfigurationPlatforms) = postSolution
		{FA7C3569-F18D-43C7-8CB6-9C07F06DFAA9}.Debug|Any CPU.ActiveCfg = Debug|Any CPU
		{FA7C3569-F18D-43C7-8CB6-9C07F06DFAA9}.Debug|Any CPU.Build.0 = Debug|Any CPU
		{FA7C3569-F18D-43C7-8CB6-9C07F06DFAA9}.Release|Any CPU.ActiveCfg = Release|Any CPU
		{FA7C3569-F18D-43C7-8CB6-9C07F06DFAA9}.Release|Any CPU.Build.0 = Release|Any CPU
	EndGlobalSection
	GlobalSection(SolutionProperties) = preSolution
		HideSolutionNode = FALSE
	EndGlobalSection
	GlobalSection(ExtensibilityGlobals) = postSolution
		SolutionGuid = {326E47D0-1EDA-4022-85B0-FCC2BAFCC21C}
	EndGlobalSection
EndGlobal
